{
  "nodes": {
    "base16-schemes": {
      "flake": false,
      "locked": {
        "lastModified": 1696158499,
        "narHash": "sha256-5yIHgDTPjoX/3oDEfLSQ0eJZdFL1SaCfb9d6M0RmOTM=",
        "owner": "tinted-theming",
        "repo": "base16-schemes",
        "rev": "a9112eaae86d9dd8ee6bb9445b664fba2f94037a",
        "type": "github"
      },
      "original": {
        "owner": "tinted-theming",
        "repo": "base16-schemes",
        "type": "github"
      }
    },
    "brew-api": {
      "flake": false,
      "locked": {
        "lastModified": 1762058490,
        "narHash": "sha256-p/94/D9gZPHzT5RN6rATxQ/x2e489bmnnmEkXQr0Ex4=",
        "owner": "BatteredBunny",
        "repo": "brew-api",
        "rev": "b6fb573a430816fe89d0f1aafaf412d3a3772025",
        "type": "github"
      },
      "original": {
        "owner": "BatteredBunny",
        "repo": "brew-api",
        "type": "github"
      }
    },
    "brew-nix": {
      "inputs": {
        "brew-api": [
          "brew-api"
        ],
        "nix-darwin": [
          "darwin"
        ],
        "nixpkgs": [
          "nixpkgs"
        ]
      },
      "locked": {
        "lastModified": 1749403637,
        "narHash": "sha256-V0zqpWFuZBATo0YWUf41GmPkD0/LfDH+LMu3766YLbY=",
        "owner": "BatteredBunny",
        "repo": "brew-nix",
        "rev": "3cf0142d0629c12dd14f0075b3c8eca7704cef88",
        "type": "github"
      },
      "original": {
        "owner": "BatteredBunny",
        "repo": "brew-nix",
        "type": "github"
      }
    },
    "claude-desktop": {
      "inputs": {
        "flake-utils": [
          "flake-utils"
        ],
        "nixpkgs": [
          "nixpkgs"
        ]
      },
      "locked": {
        "lastModified": 1761825061,
        "narHash": "sha256-AeRQZKr8+1XQer+WmbwtQaQBy05UDgeNNE7YZjNLuS0=",
        "owner": "k3d3",
        "repo": "claude-desktop-linux-flake",
        "rev": "791cd93cfe216ad06ab740f0fdc142119b1d6ec2",
        "type": "github"
      },
      "original": {
        "owner": "k3d3",
        "repo": "claude-desktop-linux-flake",
        "type": "github"
      }
    },
    "comin": {
      "inputs": {
        "nixpkgs": [
          "nixpkgs"
        ]
      },
      "locked": {
        "lastModified": 1760878206,
        "narHash": "sha256-gafngMT6Dvgpr/awy+BGh65AcsGfbmK+vRzmpLnwoIc=",
        "owner": "nlewo",
        "repo": "comin",
        "rev": "468e31918eff4ccc0d56fd7168f51be857d22193",
        "type": "github"
      },
      "original": {
        "owner": "nlewo",
        "repo": "comin",
        "type": "github"
      }
    },
    "crane": {
      "locked": {
        "lastModified": 1754269165,
        "narHash": "sha256-0tcS8FHd4QjbCVoxN9jI+PjHgA4vc/IjkUSp+N3zy0U=",
        "owner": "ipetkov",
        "repo": "crane",
        "rev": "444e81206df3f7d92780680e45858e31d2f07a08",
        "type": "github"
      },
      "original": {
        "owner": "ipetkov",
        "repo": "crane",
        "type": "github"
      }
    },
    "darwin": {
      "inputs": {
        "nixpkgs": [
          "nixpkgs"
        ]
      },
      "locked": {
        "lastModified": 1762039661,
        "narHash": "sha256-oM5BwAGE78IBLZn+AqxwH/saqwq3e926rNq5HmOulkc=",
        "owner": "nix-darwin",
        "repo": "nix-darwin",
        "rev": "c3c8c9f2a5ed43175ac4dc030308756620e6e4e4",
        "type": "github"
      },
      "original": {
        "owner": "nix-darwin",
        "repo": "nix-darwin",
        "type": "github"
      }
    },
    "disko": {
      "inputs": {
        "nixpkgs": [
          "nixpkgs"
        ]
      },
      "locked": {
        "lastModified": 1761899396,
        "narHash": "sha256-XOpKBp6HLzzMCbzW50TEuXN35zN5WGQREC7n34DcNMM=",
        "owner": "nix-community",
        "repo": "disko",
        "rev": "6f4cf5abbe318e4cd1e879506f6eeafd83f7b998",
        "type": "github"
      },
      "original": {
        "owner": "nix-community",
        "repo": "disko",
        "type": "github"
      }
    },
    "edgepkgs": {
      "inputs": {
        "nixpkgs": [
          "nixpkgs"
        ]
      },
      "locked": {
        "lastModified": 1761960526,
        "narHash": "sha256-nCRVRNyWrTRY3xRxyaSJzF37tbLqZ/Te/3u114gAIYY=",
        "owner": "natsukium",
        "repo": "edgepkgs",
        "rev": "72d52e9b901623202cecfbdfea66d5ea0ba55b59",
        "type": "github"
      },
      "original": {
        "owner": "natsukium",
        "repo": "edgepkgs",
        "type": "github"
      }
    },
    "emacs-overlay": {
      "inputs": {
        "nixpkgs": [
          "nixpkgs"
        ],
        "nixpkgs-stable": [
          "nixpkgs-stable"
        ]
      },
      "locked": {
        "lastModified": 1761985492,
        "narHash": "sha256-h0d1DG0dp7mrrQoe+sUmtZvnYhbGAyI/pr9bgYfHb9M=",
        "owner": "nix-community",
        "repo": "emacs-overlay",
        "rev": "11c52dbdbf5bacf57ce3fd7b0cbe359a3e23eb3c",
        "type": "github"
      },
      "original": {
        "owner": "nix-community",
        "repo": "emacs-overlay",
        "type": "github"
      }
    },
    "firefox-addons": {
      "inputs": {
        "nixpkgs": [
          "nixpkgs"
        ]
      },
      "locked": {
        "dir": "pkgs/firefox-addons",
        "lastModified": 1762056214,
        "narHash": "sha256-nhQ66BLQifKsNKIYPyJXCp4Zzy8zGuH8TvSBGkotDJY=",
        "owner": "rycee",
        "repo": "nur-expressions",
        "rev": "ec07f4d37be2d4032e38166aae501458b6c381be",
        "type": "gitlab"
      },
      "original": {
        "dir": "pkgs/firefox-addons",
        "owner": "rycee",
        "repo": "nur-expressions",
        "type": "gitlab"
      }
    },
    "flake-parts": {
      "inputs": {
        "nixpkgs-lib": [
          "nixpkgs"
        ]
      },
      "locked": {
        "lastModified": 1762040540,
        "narHash": "sha256-z5PlZ47j50VNF3R+IMS9LmzI5fYRGY/Z5O5tol1c9I4=",
        "owner": "hercules-ci",
        "repo": "flake-parts",
        "rev": "0010412d62a25d959151790968765a70c436598b",
        "type": "github"
      },
      "original": {
        "owner": "hercules-ci",
        "repo": "flake-parts",
        "type": "github"
      }
    },
    "flake-utils": {
      "inputs": {
        "systems": "systems"
      },
      "locked": {
        "lastModified": 1731533236,
        "narHash": "sha256-l0KFg5HjrsfsO/JpG+r7fRrqm12kzFHyUHqHCVpMMbI=",
        "owner": "numtide",
        "repo": "flake-utils",
        "rev": "11707dc2f618dd54ca8739b309ec4fc024de578b",
        "type": "github"
      },
      "original": {
        "owner": "numtide",
        "repo": "flake-utils",
        "type": "github"
      }
    },
    "git-hooks": {
      "inputs": {
        "flake-compat": [],
        "gitignore": [],
        "nixpkgs": [
          "nixpkgs"
        ]
      },
      "locked": {
        "lastModified": 1760663237,
        "narHash": "sha256-BflA6U4AM1bzuRMR8QqzPXqh8sWVCNDzOdsxXEguJIc=",
        "owner": "cachix",
        "repo": "git-hooks.nix",
        "rev": "ca5b894d3e3e151ffc1db040b6ce4dcc75d31c37",
        "type": "github"
      },
      "original": {
        "owner": "cachix",
        "repo": "git-hooks.nix",
        "type": "github"
      }
    },
    "home-manager": {
      "inputs": {
        "nixpkgs": [
          "nixpkgs"
        ]
      },
      "locked": {
        "lastModified": 1762041416,
        "narHash": "sha256-rmJKABRXnhFjjI6RB/MnEvLTQa569zu684Th9y6UlOI=",
        "owner": "nix-community",
        "repo": "home-manager",
        "rev": "c0016dd14773f4ca0b467b74c7cdcc501570df4b",
        "type": "github"
      },
      "original": {
        "owner": "nix-community",
        "repo": "home-manager",
        "type": "github"
      }
    },
    "impermanence": {
      "locked": {
        "lastModified": 1737831083,
        "narHash": "sha256-LJggUHbpyeDvNagTUrdhe/pRVp4pnS6wVKALS782gRI=",
        "owner": "nix-community",
        "repo": "impermanence",
        "rev": "4b3e914cdf97a5b536a889e939fb2fd2b043a170",
        "type": "github"
      },
      "original": {
        "owner": "nix-community",
        "repo": "impermanence",
        "type": "github"
      }
    },
    "lanzaboote": {
      "inputs": {
        "crane": "crane",
        "flake-compat": [],
        "flake-parts": [
          "flake-parts"
        ],
        "nixpkgs": [
          "nixpkgs"
        ],
        "pre-commit-hooks-nix": [
          "git-hooks"
        ],
        "rust-overlay": [
          "rust-overlay"
        ]
      },
      "locked": {
        "lastModified": 1756744479,
        "narHash": "sha256-EyZXusK/wRD3V9vDh00W2Re3Eg8UQ+LjVBQrrH9dq1U=",
        "owner": "nix-community",
        "repo": "lanzaboote",
        "rev": "747b7912f49e2885090c83364d88cf853a020ac1",
        "type": "github"
      },
      "original": {
        "owner": "nix-community",
        "repo": "lanzaboote",
        "type": "github"
      }
    },
    "mcp-servers": {
      "inputs": {
        "nixpkgs": [
          "nixpkgs"
        ]
      },
      "locked": {
        "lastModified": 1762048946,
        "narHash": "sha256-/rhSiYGpHFg7JTTzp0ptLON4gkjebPNBvtlU0lgVQSs=",
        "owner": "natsukium",
        "repo": "mcp-servers-nix",
        "rev": "a5a86f8cf4072699d788db66c2001c41d5eee67b",
        "type": "github"
      },
      "original": {
        "owner": "natsukium",
        "repo": "mcp-servers-nix",
        "type": "github"
      }
    },
    "niri-flake": {
      "inputs": {
        "niri-stable": [],
        "niri-unstable": [],
        "nixpkgs": [
          "nixpkgs"
        ],
        "nixpkgs-stable": [
          "nixpkgs-stable"
        ],
        "xwayland-satellite-stable": [],
        "xwayland-satellite-unstable": []
      },
      "locked": {
        "lastModified": 1762026425,
        "narHash": "sha256-7eDtQrr+CRZ1pLjJ6Bx7Ab9pUIowXJ7ooqEh6p3jIn8=",
        "owner": "sodiboo",
        "repo": "niri-flake",
        "rev": "342730d4f8e109f3506932d2be1c8f9ab19a7039",
        "type": "github"
      },
      "original": {
        "owner": "sodiboo",
        "repo": "niri-flake",
        "type": "github"
      }
    },
    "nix-colors": {
      "inputs": {
        "base16-schemes": "base16-schemes",
        "nixpkgs-lib": [
          "nixpkgs"
        ]
      },
      "locked": {
        "lastModified": 1707825078,
        "narHash": "sha256-hTfge2J2W+42SZ7VHXkf4kjU+qzFqPeC9k66jAUBMHk=",
        "owner": "misterio77",
        "repo": "nix-colors",
        "rev": "b01f024090d2c4fc3152cd0cf12027a7b8453ba1",
        "type": "github"
      },
      "original": {
        "owner": "misterio77",
        "repo": "nix-colors",
        "type": "github"
      }
    },
    "nix-on-droid": {
      "inputs": {
        "home-manager": [
          "home-manager"
        ],
        "nix-formatter-pack": [],
        "nixpkgs": [
          "nixpkgs"
        ],
        "nixpkgs-docs": [
          "nixpkgs"
        ],
        "nixpkgs-for-bootstrap": [
          "nixpkgs"
        ],
        "nmd": []
      },
      "locked": {
        "lastModified": 1760773689,
        "narHash": "sha256-TaRP+sx4EiqBcfdKVYKT+RbrRHioJF+HUmiaUaHj5I8=",
        "owner": "nix-community",
        "repo": "nix-on-droid",
        "rev": "1c306c07b3e99ab79b967ead32f9af7b8672a7ef",
        "type": "github"
      },
      "original": {
        "owner": "nix-community",
        "repo": "nix-on-droid",
        "type": "github"
      }
    },
    "nix-wallpaper": {
      "inputs": {
        "flake-utils": [
          "flake-utils"
        ],
        "nixpkgs": [
          "nixpkgs"
        ],
        "pre-commit-hooks": [
          "git-hooks"
        ]
      },
      "locked": {
        "lastModified": 1704174046,
        "narHash": "sha256-N2K03+p9azuh6dnNaxSuPl/lXz8f4fUKCD8bDWLknbA=",
        "owner": "natsukium",
        "repo": "nix-wallpaper",
        "rev": "3039f17912fa29830b01ae3baf619b09726a4316",
        "type": "github"
      },
      "original": {
        "owner": "natsukium",
        "ref": "custom-logo",
        "repo": "nix-wallpaper",
        "type": "github"
      }
    },
    "nixos-facter-modules": {
      "locked": {
        "lastModified": 1761137276,
        "narHash": "sha256-4lDjGnWRBLwqKQ4UWSUq6Mvxu9r8DSqCCydodW/Jsi8=",
        "owner": "numtide",
        "repo": "nixos-facter-modules",
        "rev": "70bcd64225d167c7af9b475c4df7b5abba5c7de8",
        "type": "github"
      },
      "original": {
        "owner": "numtide",
        "repo": "nixos-facter-modules",
        "type": "github"
      }
    },
    "nixos-wsl": {
      "inputs": {
        "flake-compat": [],
        "nixpkgs": [
          "nixpkgs"
        ]
      },
      "locked": {
        "lastModified": 1761969132,
        "narHash": "sha256-0me4+e+1VxNuvySSw0voqMCWU/eUmTuth7f4+Q2jbUY=",
        "owner": "nix-community",
        "repo": "nixos-wsl",
        "rev": "761582d6ab431549fe1396d2cd681e3fe9376020",
        "type": "github"
      },
      "original": {
        "owner": "nix-community",
        "repo": "nixos-wsl",
        "type": "github"
      }
    },
    "nixpkgs": {
      "locked": {
        "lastModified": 1761994314,
        "narHash": "sha256-IOZofbuQ+gnM4t/nkN9wc1LvRDLKNhEftLILRBa+1Gc=",
        "ref": "nixos-unstable-small",
        "rev": "1e0996604d71646c3061842452df7f03f3eb26ab",
        "shallow": true,
        "type": "git",
        "url": "https://github.com/nixos/nixpkgs"
      },
      "original": {
        "ref": "nixos-unstable-small",
        "shallow": true,
        "type": "git",
        "url": "https://github.com/nixos/nixpkgs"
      }
    },
    "nixpkgs-stable": {
      "locked": {
        "lastModified": 1735563628,
        "narHash": "sha256-OnSAY7XDSx7CtDoqNh8jwVwh4xNL/2HaJxGjryLWzX8=",
        "ref": "nixos-24.05",
        "rev": "b134951a4c9f3c995fd7be05f3243f8ecd65d798",
        "shallow": true,
        "type": "git",
        "url": "https://github.com/nixos/nixpkgs"
      },
      "original": {
        "ref": "nixos-24.05",
        "shallow": true,
        "type": "git",
        "url": "https://github.com/nixos/nixpkgs"
      }
    },
    "nur-packages": {
      "inputs": {
        "nixpkgs": [
          "nixpkgs"
        ]
      },
      "locked": {
        "lastModified": 1762029401,
        "narHash": "sha256-0yPUo8Ta3ih8e0w4OL+qk1PQqKRkX7DeQJn2zYdRR2Q=",
        "owner": "natsukium",
        "repo": "nur-packages",
        "rev": "c0647a75aa4d7449734027263c8ba92f72cf896f",
        "type": "github"
      },
      "original": {
        "owner": "natsukium",
        "repo": "nur-packages",
        "type": "github"
      }
    },
    "root": {
      "inputs": {
        "brew-api": "brew-api",
        "brew-nix": "brew-nix",
        "claude-desktop": "claude-desktop",
        "comin": "comin",
        "darwin": "darwin",
        "disko": "disko",
        "edgepkgs": "edgepkgs",
        "emacs-overlay": "emacs-overlay",
        "firefox-addons": "firefox-addons",
        "flake-parts": "flake-parts",
        "flake-utils": "flake-utils",
        "git-hooks": "git-hooks",
        "home-manager": "home-manager",
        "impermanence": "impermanence",
        "lanzaboote": "lanzaboote",
        "mcp-servers": "mcp-servers",
        "niri-flake": "niri-flake",
        "nix-colors": "nix-colors",
        "nix-on-droid": "nix-on-droid",
        "nix-wallpaper": "nix-wallpaper",
        "nixos-facter-modules": "nixos-facter-modules",
        "nixos-wsl": "nixos-wsl",
        "nixpkgs": "nixpkgs",
        "nixpkgs-stable": "nixpkgs-stable",
        "nur-packages": "nur-packages",
        "rust-overlay": "rust-overlay",
        "sops-nix": "sops-nix",
        "treefmt-nix": "treefmt-nix",
        "tsnsrv": "tsnsrv",
        "zen-browser": "zen-browser"
      }
    },
    "rust-overlay": {
      "inputs": {
        "nixpkgs": [
          "nixpkgs"
        ]
      },
      "locked": {
        "lastModified": 1762051177,
        "narHash": "sha256-pESNTx/m3WnrYx+OujBtDP5Bj0/mAyHa4MgEwzkgkLE=",
        "owner": "oxalica",
        "repo": "rust-overlay",
        "rev": "08c33e87c4829bbdd42b5af247cf7a19e126369f",
        "type": "github"
      },
      "original": {
        "owner": "oxalica",
        "repo": "rust-overlay",
        "type": "github"
      }
    },
    "sops-nix": {
      "inputs": {
        "nixpkgs": [
          "nixpkgs"
        ]
      },
      "locked": {
        "lastModified": 1760998189,
        "narHash": "sha256-ee2e1/AeGL5X8oy/HXsZQvZnae6XfEVdstGopKucYLY=",
        "owner": "Mic92",
        "repo": "sops-nix",
        "rev": "5a7d18b5c55642df5c432aadb757140edfeb70b3",
        "type": "github"
      },
      "original": {
        "owner": "Mic92",
        "repo": "sops-nix",
        "type": "github"
      }
    },
    "systems": {
      "locked": {
        "lastModified": 1681028828,
        "narHash": "sha256-Vy1rq5AaRuLzOxct8nz4T6wlgyUR7zLU309k9mBC768=",
        "owner": "nix-systems",
        "repo": "default",
        "rev": "da67096a3b9bf56a91d16901293e51ba5b49a27e",
        "type": "github"
      },
      "original": {
        "owner": "nix-systems",
        "repo": "default",
        "type": "github"
      }
    },
    "treefmt-nix": {
      "inputs": {
        "nixpkgs": [
          "nixpkgs"
        ]
      },
      "locked": {
        "lastModified": 1761311587,
        "narHash": "sha256-Msq86cR5SjozQGCnC6H8C+0cD4rnx91BPltZ9KK613Y=",
        "owner": "numtide",
        "repo": "treefmt-nix",
        "rev": "2eddae033e4e74bf581c2d1dfa101f9033dbd2dc",
        "type": "github"
      },
      "original": {
        "owner": "numtide",
        "repo": "treefmt-nix",
        "type": "github"
      }
    },
    "tsnsrv": {
      "inputs": {
        "flake-parts": [
          "flake-parts"
        ],
        "nixpkgs": [
          "nixpkgs"
        ]
      },
      "locked": {
        "lastModified": 1759265704,
        "narHash": "sha256-b0d0lfERd3+N/K0oq4YsX2pSMGh5HX5D6ocehEoJjeU=",
        "owner": "boinkor-net",
        "repo": "tsnsrv",
        "rev": "a4e47c178e0bdd4da72fad6f0dd2dea6b89d2d25",
        "type": "github"
      },
      "original": {
        "owner": "boinkor-net",
        "repo": "tsnsrv",
        "type": "github"
      }
    },
    "zen-browser": {
      "inputs": {
        "home-manager": [
          "home-manager"
        ],
        "nixpkgs": [
          "nixpkgs"
        ]
      },
      "locked": {
        "lastModified": 1761970869,
        "narHash": "sha256-dlcxJTY+MwR9u3yTkBkzqfHY2+MKonDS7UzoOLlGpuw=",
        "owner": "0xc000022070",
        "repo": "zen-browser-flake",
        "rev": "5855db6427f25672d7f02e19af418a38fe82e26e",
        "type": "github"
      },
      "original": {
        "owner": "0xc000022070",
        "repo": "zen-browser-flake",
        "type": "github"
      }
    }
  },
  "root": "root",
  "version": 7
}
